
Microsoft Visual Studio Solution File, Format Version 12.00
# Visual Studio Version 17
VisualStudioVersion = 17.3.32922.545
MinimumVisualStudioVersion = 10.0.40219.1
Project("{FAE04EC0-301F-11D3-BF4B-00C04F79EFBC}") = "AnimalAppApi", "AnimalAppApi.csproj", "{3D6147BF-0007-4B6D-895A-BB13EC588D95}"
EndProject
Global
	GlobalSection(SolutionConfigurationPlatforms) = preSolution
		Debug|Any CPU = Debug|Any CPU
		Release|Any CPU = Release|Any CPU
	EndGlobalSection
	GlobalSection(ProjectConfigurationPlatforms) = postSolution
		{3D6147BF-0007-4B6D-895A-BB13EC588D95}.Debug|Any CPU.ActiveCfg = Debug|Any CPU
		{3D6147BF-0007-4B6D-895A-BB13EC588D95}.Debug|Any CPU.Build.0 = Debug|Any CPU
		{3D6147BF-0007-4B6D-895A-BB13EC588D95}.Release|Any CPU.ActiveCfg = Release|Any CPU
		{3D6147BF-0007-4B6D-895A-BB13EC588D95}.Release|Any CPU.Build.0 = Release|Any CPU
	EndGlobalSection
	GlobalSection(SolutionProperties) = preSolution
		HideSolutionNode = FALSE
	EndGlobalSection
	GlobalSection(ExtensibilityGlobals) = postSolution
		SolutionGuid = {FCCC852D-613D-4317-9B3C-276FCE331774}
	EndGlobalSection
EndGlobal
